
Microsoft Visual Studio Solution File, Format Version 12.00
# Visual Studio 15
VisualStudioVersion = 15.0.28307.1259
MinimumVisualStudioVersion = 10.0.40219.1
Project("{FAE04EC0-301F-11D3-BF4B-00C04F79EFBC}") = "TestVersionWorkTestMashin", "TestVersionWorkTestMashin\TestVersionWorkTestMashin.csproj", "{C62DDAC6-AF6C-4125-872D-DEF09604AB96}"
EndProject
Global
	GlobalSection(SolutionConfigurationPlatforms) = preSolution
		Debug|Any CPU = Debug|Any CPU
		Release|Any CPU = Release|Any CPU
	EndGlobalSection
	GlobalSection(ProjectConfigurationPlatforms) = postSolution
		{C62DDAC6-AF6C-4125-872D-DEF09604AB96}.Debug|Any CPU.ActiveCfg = Debug|Any CPU
		{C62DDAC6-AF6C-4125-872D-DEF09604AB96}.Debug|Any CPU.Build.0 = Debug|Any CPU
		{C62DDAC6-AF6C-4125-872D-DEF09604AB96}.Release|Any CPU.ActiveCfg = Release|Any CPU
		{C62DDAC6-AF6C-4125-872D-DEF09604AB96}.Release|Any CPU.Build.0 = Release|Any CPU
	EndGlobalSection
	GlobalSection(SolutionProperties) = preSolution
		HideSolutionNode = FALSE
	EndGlobalSection
	GlobalSection(ExtensibilityGlobals) = postSolution
		SolutionGuid = {A44498C6-78ED-45DC-BB7E-EA6DFB9DD1C0}
	EndGlobalSection
EndGlobal
